
Microsoft Visual Studio Solution File, Format Version 12.00
# Visual Studio Version 17
VisualStudioVersion = 17.0.31903.59
MinimumVisualStudioVersion = 10.0.40219.1
Project("{FAE04EC0-301F-11D3-BF4B-00C04F79EFBC}") = "Server", "Server\Server.csproj", "{0B5EDFA2-3B59-4CE6-8218-686C69B6A50A}"
EndProject
Global
	GlobalSection(SolutionConfigurationPlatforms) = preSolution
		Debug|Any CPU = Debug|Any CPU
		Release|Any CPU = Release|Any CPU
	EndGlobalSection
	GlobalSection(SolutionProperties) = preSolution
		HideSolutionNode = FALSE
	EndGlobalSection
	GlobalSection(ProjectConfigurationPlatforms) = postSolution
		{0B5EDFA2-3B59-4CE6-8218-686C69B6A50A}.Debug|Any CPU.ActiveCfg = Debug|Any CPU
		{0B5EDFA2-3B59-4CE6-8218-686C69B6A50A}.Debug|Any CPU.Build.0 = Debug|Any CPU
		{0B5EDFA2-3B59-4CE6-8218-686C69B6A50A}.Release|Any CPU.ActiveCfg = Release|Any CPU
		{0B5EDFA2-3B59-4CE6-8218-686C69B6A50A}.Release|Any CPU.Build.0 = Release|Any CPU
	EndGlobalSection
EndGlobal
